
Microsoft Visual Studio Solution File, Format Version 12.00
# Visual Studio 15
VisualStudioVersion = 15.0.34031.82
MinimumVisualStudioVersion = 10.0.40219.1
Project("{8BC9CEB8-8B4A-11D0-8D11-00A0C91BC942}") = "Счетчик чисел", "Счетчик чисел\Счетчик чисел.vcxproj", "{02409EEE-E9B8-401C-8AA2-631FC151B085}"
EndProject
Global
	GlobalSection(SolutionConfigurationPlatforms) = preSolution
		Debug|x64 = Debug|x64
		Debug|x86 = Debug|x86
		Release|x64 = Release|x64
		Release|x86 = Release|x86
	EndGlobalSection
	GlobalSection(ProjectConfigurationPlatforms) = postSolution
		{02409EEE-E9B8-401C-8AA2-631FC151B085}.Debug|x64.ActiveCfg = Debug|x64
		{02409EEE-E9B8-401C-8AA2-631FC151B085}.Debug|x64.Build.0 = Debug|x64
		{02409EEE-E9B8-401C-8AA2-631FC151B085}.Debug|x86.ActiveCfg = Debug|Win32
		{02409EEE-E9B8-401C-8AA2-631FC151B085}.Debug|x86.Build.0 = Debug|Win32
		{02409EEE-E9B8-401C-8AA2-631FC151B085}.Release|x64.ActiveCfg = Release|x64
		{02409EEE-E9B8-401C-8AA2-631FC151B085}.Release|x64.Build.0 = Release|x64
		{02409EEE-E9B8-401C-8AA2-631FC151B085}.Release|x86.ActiveCfg = Release|Win32
		{02409EEE-E9B8-401C-8AA2-631FC151B085}.Release|x86.Build.0 = Release|Win32
	EndGlobalSection
	GlobalSection(SolutionProperties) = preSolution
		HideSolutionNode = FALSE
	EndGlobalSection
	GlobalSection(ExtensibilityGlobals) = postSolution
		SolutionGuid = {0464380E-2E7B-491C-AD4F-B3BA76B706DD}
	EndGlobalSection
EndGlobal
